
Microsoft Visual Studio Solution File, Format Version 12.00
# Visual Studio Version 16
VisualStudioVersion = 16.0.33801.447
MinimumVisualStudioVersion = 10.0.40219.1
Project("{FAE04EC0-301F-11D3-BF4B-00C04F79EFBC}") = "Sidebar", "Sidebar.csproj", "{69CF369C-CD4C-4544-A7E1-4CF64EF3DDCE}"
EndProject
Global
	GlobalSection(SolutionConfigurationPlatforms) = preSolution
		Debug|Any CPU = Debug|Any CPU
		Release|Any CPU = Release|Any CPU
	EndGlobalSection
	GlobalSection(ProjectConfigurationPlatforms) = postSolution
		{69CF369C-CD4C-4544-A7E1-4CF64EF3DDCE}.Debug|Any CPU.ActiveCfg = Debug|Any CPU
		{69CF369C-CD4C-4544-A7E1-4CF64EF3DDCE}.Debug|Any CPU.Build.0 = Debug|Any CPU
		{69CF369C-CD4C-4544-A7E1-4CF64EF3DDCE}.Release|Any CPU.ActiveCfg = Release|Any CPU
		{69CF369C-CD4C-4544-A7E1-4CF64EF3DDCE}.Release|Any CPU.Build.0 = Release|Any CPU
	EndGlobalSection
	GlobalSection(SolutionProperties) = preSolution
		HideSolutionNode = FALSE
	EndGlobalSection
	GlobalSection(ExtensibilityGlobals) = postSolution
		SolutionGuid = {0349E8AE-89F0-482C-9350-A76F767A6A13}
	EndGlobalSection
EndGlobal
